// !$*UTF8*$!
{
	archiveVersion = 1;
	classes = {
	};
	objectVersion = 77;
	objects = {

/* Begin PBXContainerItemProxy section */
		F76626642EA3F2AC002483B4 /* PBXContainerItemProxy */ = {
			isa = PBXContainerItemProxy;
			containerPortal = F766264D2EA3F2AA002483B4 /* Project object */;
			proxyType = 1;
			remoteGlobalIDString = F76626542EA3F2AA002483B4;
			remoteInfo = araui;
		};
		F766266E2EA3F2AC002483B4 /* PBXContainerItemProxy */ = {
			isa = PBXContainerItemProxy;
			containerPortal = F766264D2EA3F2AA002483B4 /* Project object */;
			proxyType = 1;
			remoteGlobalIDString = F76626542EA3F2AA002483B4;
			remoteInfo = araui;
		};
/* End PBXContainerItemProxy section */

/* Begin PBXFileReference section */
		F76626552EA3F2AA002483B4 /* AraUI.app */ = {isa = PBXFileReference; explicitFileType = wrapper.application; includeInIndex = 0; path = AraUI.app; sourceTree = BUILT_PRODUCTS_DIR; };
		F76626632EA3F2AC002483B4 /* arauiTests.xctest */ = {isa = PBXFileReference; explicitFileType = wrapper.cfbundle; includeInIndex = 0; path = arauiTests.xctest; sourceTree = BUILT_PRODUCTS_DIR; };
		F766266D2EA3F2AC002483B4 /* arauiUITests.xctest */ = {isa = PBXFileReference; explicitFileType = wrapper.cfbundle; includeInIndex = 0; path = arauiUITests.xctest; sourceTree = BUILT_PRODUCTS_DIR; };
/* End PBXFileReference section */

/* Begin PBXFileSystemSynchronizedRootGroup section */
		F76626572EA3F2AA002483B4 /* araui */ = {
			isa = PBXFileSystemSynchronizedRootGroup;
			path = araui;
			sourceTree = "<group>";
		};
		F76626662EA3F2AC002483B4 /* arauiTests */ = {
			isa = PBXFileSystemSynchronizedRootGroup;
			path = arauiTests;
			sourceTree = "<group>";
		};
		F76626702EA3F2AC002483B4 /* arauiUITests */ = {
			isa = PBXFileSystemSynchronizedRootGroup;
			path = arauiUITests;
			sourceTree = "<group>";
		};
/* End PBXFileSystemSynchronizedRootGroup section */

/* Begin PBXFrameworksBuildPhase section */
		F76626522EA3F2AA002483B4 /* Frameworks */ = {
			isa = PBXFrameworksBuildPhase;
			buildActionMask = 2147483647;
			files = (
			);
			runOnlyForDeploymentPostprocessing = 0;
		};
		F76626602EA3F2AC002483B4 /* Frameworks */ = {
			isa = PBXFrameworksBuildPhase;
			buildActionMask = 2147483647;
			files = (
			);
			runOnlyForDeploymentPostprocessing = 0;
		};
		F766266A2EA3F2AC002483B4 /* Frameworks */ = {
			isa = PBXFrameworksBuildPhase;
			buildActionMask = 2147483647;
			files = (
			);
			runOnlyForDeploymentPostprocessing = 0;
		};
/* End PBXFrameworksBuildPhase section */

/* Begin PBXGroup section */
		F766264C2EA3F2AA002483B4 = {
			isa = PBXGroup;
			children = (
				F76626572EA3F2AA002483B4 /* araui */,
				F76626662EA3F2AC002483B4 /* arauiTests */,
				F76626702EA3F2AC002483B4 /* arauiUITests */,
				F76626562EA3F2AA002483B4 /* Products */,
			);
			sourceTree = "<group>";
		};
		F76626562EA3F2AA002483B4 /* Products */ = {
			isa = PBXGroup;
			children = (
				F76626552EA3F2AA002483B4 /* AraUI.app */,
				F76626632EA3F2AC002483B4 /* arauiTests.xctest */,
				F766266D2EA3F2AC002483B4 /* arauiUITests.xctest */,
			);
			name = Products;
			sourceTree = "<group>";
		};
/* End PBXGroup section */

/* Begin PBXNativeTarget section */
		F76626542EA3F2AA002483B4 /* araui */ = {
			isa = PBXNativeTarget;
			buildConfigurationList = F76626772EA3F2AC002483B4 /* Build configuration list for PBXNativeTarget "araui" */;
			buildPhases = (
				F76626512EA3F2AA002483B4 /* Sources */,
				F76626522EA3F2AA002483B4 /* Frameworks */,
				F76626532EA3F2AA002483B4 /* Resources */,
			);
			buildRules = (
			);
			dependencies = (
			);
			fileSystemSynchronizedGroups = (
				F76626572EA3F2AA002483B4 /* araui */,
			);
			name = araui;
			packageProductDependencies = (
			);
			productName = araui;
			productReference = F76626552EA3F2AA002483B4 /* AraUI.app */;
			productType = "com.apple.product-type.application";
		};
		F76626622EA3F2AC002483B4 /* arauiTests */ = {
			isa = PBXNativeTarget;
			buildConfigurationList = F766267A2EA3F2AC002483B4 /* Build configuration list for PBXNativeTarget "arauiTests" */;
			buildPhases = (
				F766265F2EA3F2AC002483B4 /* Sources */,
				F76626602EA3F2AC002483B4 /* Frameworks */,
				F76626612EA3F2AC002483B4 /* Resources */,
			);
			buildRules = (
			);
			dependencies = (
				F76626652EA3F2AC002483B4 /* PBXTargetDependency */,
			);
			fileSystemSynchronizedGroups = (
				F76626662EA3F2AC002483B4 /* arauiTests */,
			);
			name = arauiTests;
			packageProductDependencies = (
			);
			productName = arauiTests;
			productReference = F76626632EA3F2AC002483B4 /* arauiTests.xctest */;
			productType = "com.apple.product-type.bundle.unit-test";
		};
		F766266C2EA3F2AC002483B4 /* arauiUITests */ = {
			isa = PBXNativeTarget;
			buildConfigurationList = F766267D2EA3F2AC002483B4 /* Build configuration list for PBXNativeTarget "arauiUITests" */;
			buildPhases = (
				F76626692EA3F2AC002483B4 /* Sources */,
				F766266A2EA3F2AC002483B4 /* Frameworks */,
				F766266B2EA3F2AC002483B4 /* Resources */,
			);
			buildRules = (
			);
			dependencies = (
				F766266F2EA3F2AC002483B4 /* PBXTargetDependency */,
			);
			fileSystemSynchronizedGroups = (
				F76626702EA3F2AC002483B4 /* arauiUITests */,
			);
			name = arauiUITests;
			packageProductDependencies = (
			);
			productName = arauiUITests;
			productReference = F766266D2EA3F2AC002483B4 /* arauiUITests.xctest */;
			productType = "com.apple.product-type.bundle.ui-testing";
		};
/* End PBXNativeTarget section */

/* Begin PBXProject section */
		F766264D2EA3F2AA002483B4 /* Project object */ = {
			isa = PBXProject;
			attributes = {
				BuildIndependentTargetsInParallel = 1;
				LastSwiftUpdateCheck = 1640;
				LastUpgradeCheck = 2650;
				TargetAttributes = {
					F76626542EA3F2AA002483B4 = {
						CreatedOnToolsVersion = 16.4;
					};
					F76626622EA3F2AC002483B4 = {
						CreatedOnToolsVersion = 16.4;
						TestTargetID = F76626542EA3F2AA002483B4;
					};
					F766266C2EA3F2AC002483B4 = {
						CreatedOnToolsVersion = 16.4;
						TestTargetID = F76626542EA3F2AA002483B4;
					};
				};
			};
			buildConfigurationList = F76626502EA3F2AA002483B4 /* Build configuration list for PBXProject "araui" */;
			developmentRegion = en;
			hasScannedForEncodings = 0;
			knownRegions = (
				en,
				Base,
			);
			mainGroup = F766264C2EA3F2AA002483B4;
			minimizedProjectReferenceProxies = 1;
			preferredProjectObjectVersion = 77;
			productRefGroup = F76626562EA3F2AA002483B4 /* Products */;
			projectDirPath = "";
			projectRoot = "";
			targets = (
				F76626542EA3F2AA002483B4 /* araui */,
				F76626622EA3F2AC002483B4 /* arauiTests */,
				F766266C2EA3F2AC002483B4 /* arauiUITests */,
			);
		};
/* End PBXProject section */

/* Begin PBXResourcesBuildPhase section */
		F76626532EA3F2AA002483B4 /* Resources */ = {
			isa = PBXResourcesBuildPhase;
			buildActionMask = 2147483647;
			files = (
			);
			runOnlyForDeploymentPostprocessing = 0;
		};
		F76626612EA3F2AC002483B4 /* Resources */ = {
			isa = PBXResourcesBuildPhase;
			buildActionMask = 2147483647;
			files = (
			);
			runOnlyForDeploymentPostprocessing = 0;
		};
		F766266B2EA3F2AC002483B4 /* Resources */ = {
			isa = PBXResourcesBuildPhase;
			buildActionMask = 2147483647;
			files = (
			);
			runOnlyForDeploymentPostprocessing = 0;
		};
/* End PBXResourcesBuildPhase section */

/* Begin PBXSourcesBuildPhase section */
		F76626512EA3F2AA002483B4 /* Sources */ = {
			isa = PBXSourcesBuildPhase;
			buildActionMask = 2147483647;
			files = (
			);
			runOnlyForDeploymentPostprocessing = 0;
		};
		F766265F2EA3F2AC002483B4 /* Sources */ = {
			isa = PBXSourcesBuildPhase;
			buildActionMask = 2147483647;
			files = (
			);
			runOnlyForDeploymentPostprocessing = 0;
		};
		F76626692EA3F2AC002483B4 /* Sources */ = {
			isa = PBXSourcesBuildPhase;
			buildActionMask = 2147483647;
			files = (
			);
			runOnlyForDeploymentPostprocessing = 0;
		};
/* End PBXSourcesBuildPhase section */

/* Begin PBXTargetDependency section */
		F76626652EA3F2AC002483B4 /* PBXTargetDependency */ = {
			isa = PBXTargetDependency;
			target = F76626542EA3F2AA002483B4 /* araui */;
			targetProxy = F76626642EA3F2AC002483B4 /* PBXContainerItemProxy */;
		};
		F766266F2EA3F2AC002483B4 /* PBXTargetDependency */ = {
			isa = PBXTargetDependency;
			target = F76626542EA3F2AA002483B4 /* araui */;
			targetProxy = F766266E2EA3F2AC002483B4 /* PBXContainerItemProxy */;
		};
/* End PBXTargetDependency section */

/* Begin XCBuildConfiguration section */
		F76626752EA3F2AC002483B4 /* Debug */ = {
			isa = XCBuildConfiguration;
			buildSettings = {
				ALWAYS_SEARCH_USER_PATHS = NO;
				ASSETCATALOG_COMPILER_GENERATE_SWIFT_ASSET_SYMBOL_EXTENSIONS = YES;
				CLANG_ANALYZER_NONNULL = YES;
				CLANG_ANALYZER_NUMBER_OBJECT_CONVERSION = YES_AGGRESSIVE;
				CLANG_CXX_LANGUAGE_STANDARD = "gnu++20";
				CLANG_ENABLE_MODULES = YES;
				CLANG_ENABLE_OBJC_ARC = YES;
				CLANG_ENABLE_OBJC_WEAK = YES;
				CLANG_WARN_BLOCK_CAPTURE_AUTORELEASING = YES;
				CLANG_WARN_BOOL_CONVERSION = YES;
				CLANG_WARN_COMMA = YES;
				CLANG_WARN_CONSTANT_CONVERSION = YES;
				CLANG_WARN_DEPRECATED_OBJC_IMPLEMENTATIONS = YES;
				CLANG_WARN_DIRECT_OBJC_ISA_USAGE = YES_ERROR;
				CLANG_WARN_DOCUMENTATION_COMMENTS = YES;
				CLANG_WARN_EMPTY_BODY = YES;
				CLANG_WARN_ENUM_CONVERSION = YES;
				CLANG_WARN_INFINITE_RECURSION = YES;
				CLANG_WARN_INT_CONVERSION = YES;
				CLANG_WARN_NON_LITERAL_NULL_CONVERSION = YES;
				CLANG_WARN_OBJC_IMPLICIT_RETAIN_SELF = YES;
				CLANG_WARN_OBJC_LITERAL_CONVERSION = YES;
				CLANG_WARN_OBJC_ROOT_CLASS = YES_ERROR;
				CLANG_WARN_QUOTED_INCLUDE_IN_FRAMEWORK_HEADER = YES;
				CLANG_WARN_RANGE_LOOP_ANALYSIS = YES;
				CLANG_WARN_STRICT_PROTOTYPES = YES;
				CLANG_WARN_SUSPICIOUS_MOVE = YES;
				CLANG_WARN_UNGUARDED_AVAILABILITY = YES_AGGRESSIVE;
				CLANG_WARN_UNREACHABLE_CODE = YES;
				CLANG_WARN__DUPLICATE_METHOD_MATCH = YES;
				COPY_PHASE_STRIP = NO;
				DEAD_CODE_STRIPPING = YES;
				DEBUG_INFORMATION_FORMAT = dwarf;
				ENABLE_STRICT_OBJC_MSGSEND = YES;
				ENABLE_TESTABILITY = YES;
				ENABLE_USER_SCRIPT_SANDBOXING = YES;
				GCC_C_LANGUAGE_STANDARD = gnu17;
				GCC_DYNAMIC_NO_PIC = NO;
				GCC_NO_COMMON_BLOCKS = YES;
				GCC_OPTIMIZATION_LEVEL = 0;
				GCC_PREPROCESSOR_DEFINITIONS = (
					"DEBUG=1",
					"$(inherited)",
				);
				GCC_WARN_64_TO_32_BIT_CONVERSION = YES;
				GCC_WARN_ABOUT_RETURN_TYPE = YES_ERROR;
				GCC_WARN_UNDECLARED_SELECTOR = YES;
				GCC_WARN_UNINITIALIZED_AUTOS = YES_AGGRESSIVE;
				GCC_WARN_UNUSED_FUNCTION = YES;
				GCC_WARN_UNUSED_VARIABLE = YES;
				LOCALIZATION_PREFERS_STRING_CATALOGS = YES;
				MACOSX_DEPLOYMENT_TARGET = 15.5;
				MTL_ENABLE_DEBUG_INFO = INCLUDE_SOURCE;
				MTL_FAST_MATH = YES;
				ONLY_ACTIVE_ARCH = YES;
				SDKROOT = macosx;
				STRING_CATALOG_GENERATE_SYMBOLS = YES;
				SWIFT_ACTIVE_COMPILATION_CONDITIONS = "DEBUG $(inherited)";
				SWIFT_OPTIMIZATION_LEVEL = "-Onone";
			};
			name = Debug;
		};
		F76626762EA3F2AC002483B4 /* Release */ = {
			isa = XCBuildConfiguration;
			buildSettings = {
				ALWAYS_SEARCH_USER_PATHS = NO;
				ASSETCATALOG_COMPILER_GENERATE_SWIFT_ASSET_SYMBOL_EXTENSIONS = YES;
				CLANG_ANALYZER_NONNULL = YES;
				CLANG_ANALYZER_NUMBER_OBJECT_CONVERSION = YES_AGGRESSIVE;
				CLANG_CXX_LANGUAGE_STANDARD = "gnu++20";
				CLANG_ENABLE_MODULES = YES;
				CLANG_ENABLE_OBJC_ARC = YES;
				CLANG_ENABLE_OBJC_WEAK = YES;
				CLANG_WARN_BLOCK_CAPTURE_AUTORELEASING = YES;
				CLANG_WARN_BOOL_CONVERSION = YES;
				CLANG_WARN_COMMA = YES;
				CLANG_WARN_CONSTANT_CONVERSION = YES;
				CLANG_WARN_DEPRECATED_OBJC_IMPLEMENTATIONS = YES;
				CLANG_WARN_DIRECT_OBJC_ISA_USAGE = YES_ERROR;
				CLANG_WARN_DOCUMENTATION_COMMENTS = YES;
				CLANG_WARN_EMPTY_BODY = YES;
				CLANG_WARN_ENUM_CONVERSION = YES;
				CLANG_WARN_INFINITE_RECURSION = YES;
				CLANG_WARN_INT_CONVERSION = YES;
				CLANG_WARN_NON_LITERAL_NULL_CONVERSION = YES;
				CLANG_WARN_OBJC_IMPLICIT_RETAIN_SELF = YES;
				CLANG_WARN_OBJC_LITERAL_CONVERSION = YES;
				CLANG_WARN_OBJC_ROOT_CLASS = YES_ERROR;
				CLANG_WARN_QUOTED_INCLUDE_IN_FRAMEWORK_HEADER = YES;
				CLANG_WARN_RANGE_LOOP_ANALYSIS = YES;
				CLANG_WARN_STRICT_PROTOTYPES = YES;
				CLANG_WARN_SUSPICIOUS_MOVE = YES;
				CLANG_WARN_UNGUARDED_AVAILABILITY = YES_AGGRESSIVE;
				CLANG_WARN_UNREACHABLE_CODE = YES;
				CLANG_WARN__DUPLICATE_METHOD_MATCH = YES;
				COPY_PHASE_STRIP = NO;
				DEAD_CODE_STRIPPING = YES;
				DEBUG_INFORMATION_FORMAT = "dwarf-with-dsym";
				ENABLE_NS_ASSERTIONS = NO;
				ENABLE_STRICT_OBJC_MSGSEND = YES;
				ENABLE_USER_SCRIPT_SANDBOXING = YES;
				GCC_C_LANGUAGE_STANDARD = gnu17;
				GCC_NO_COMMON_BLOCKS = YES;
				GCC_WARN_64_TO_32_BIT_CONVERSION = YES;
				GCC_WARN_ABOUT_RETURN_TYPE = YES_ERROR;
				GCC_WARN_UNDECLARED_SELECTOR = YES;
				GCC_WARN_UNINITIALIZED_AUTOS = YES_AGGRESSIVE;
				GCC_WARN_UNUSED_FUNCTION = YES;
				GCC_WARN_UNUSED_VARIABLE = YES;
				LOCALIZATION_PREFERS_STRING_CATALOGS = YES;
				MACOSX_DEPLOYMENT_TARGET = 15.5;
				MTL_ENABLE_DEBUG_INFO = NO;
				MTL_FAST_MATH = YES;
				SDKROOT = macosx;
				STRING_CATALOG_GENERATE_SYMBOLS = YES;
				SWIFT_COMPILATION_MODE = wholemodule;
			};
			name = Release;
		};
		F76626782EA3F2AC002483B4 /* Debug */ = {
			isa = XCBuildConfiguration;
			buildSettings = {
				ASSETCATALOG_COMPILER_APPICON_NAME = AppIcon;
				ASSETCATALOG_COMPILER_GLOBAL_ACCENT_COLOR_NAME = AccentColor;
				CODE_SIGN_ENTITLEMENTS = araui/araui.entitlements;
				CODE_SIGN_STYLE = Automatic;
				COMBINE_HIDPI_IMAGES = YES;
				CURRENT_PROJECT_VERSION = 1;
				DEAD_CODE_STRIPPING = YES;
				ENABLE_HARDENED_RUNTIME = YES;
				ENABLE_PREVIEWS = YES;
				GENERATE_INFOPLIST_FILE = YES;
				INFOPLIST_KEY_CFBundleDisplayName = AraUI;
				INFOPLIST_KEY_CFBundleName = AraUI;
				INFOPLIST_KEY_NSHumanReadableCopyright = "";
				INFOPLIST_KEY_NSMicrophoneUsageDescription = "Transcribe speech to text for chat.";
				INFOPLIST_KEY_NSSpeechRecognitionUsageDescription = "Recognize your speech for messages.";
				LD_RUNPATH_SEARCH_PATHS = (
					"$(inherited)",
					"@executable_path/../Frameworks",
				);
				MARKETING_VERSION = 1.0;
				PRODUCT_BUNDLE_IDENTIFIER = com.araui.app;
				PRODUCT_MODULE_NAME = araui;
				PRODUCT_NAME = AraUI;
				REGISTER_APP_GROUPS = YES;
				SWIFT_EMIT_LOC_STRINGS = YES;
				SWIFT_VERSION = 5.0;
			};
			name = Debug;
		};
		F76626792EA3F2AC002483B4 /* Release */ = {
			isa = XCBuildConfiguration;
			buildSettings = {
				ASSETCATALOG_COMPILER_APPICON_NAME = AppIcon;
				ASSETCATALOG_COMPILER_GLOBAL_ACCENT_COLOR_NAME = AccentColor;
				CODE_SIGN_ENTITLEMENTS = araui/araui.entitlements;
				CODE_SIGN_STYLE = Automatic;
				COMBINE_HIDPI_IMAGES = YES;
				CURRENT_PROJECT_VERSION = 1;
				DEAD_CODE_STRIPPING = YES;
				ENABLE_HARDENED_RUNTIME = YES;
				ENABLE_PREVIEWS = YES;
				GENERATE_INFOPLIST_FILE = YES;
				INFOPLIST_KEY_CFBundleDisplayName = AraUI;
				INFOPLIST_KEY_CFBundleName = AraUI;
				INFOPLIST_KEY_NSHumanReadableCopyright = "";
				INFOPLIST_KEY_NSMicrophoneUsageDescription = "Transcribe speech to text for chat.";
				INFOPLIST_KEY_NSSpeechRecognitionUsageDescription = "Recognize your speech for messages.";
				LD_RUNPATH_SEARCH_PATHS = (
					"$(inherited)",
					"@executable_path/../Frameworks",
				);
				MARKETING_VERSION = 1.0;
				PRODUCT_BUNDLE_IDENTIFIER = com.araui.app;
				PRODUCT_MODULE_NAME = araui;
				PRODUCT_NAME = AraUI;
				REGISTER_APP_GROUPS = YES;
				SWIFT_EMIT_LOC_STRINGS = YES;
				SWIFT_VERSION = 5.0;
			};
			name = Release;
		};
		F766267B2EA3F2AC002483B4 /* Debug */ = {
			isa = XCBuildConfiguration;
			buildSettings = {
				BUNDLE_LOADER = "$(TEST_HOST)";
				CODE_SIGN_STYLE = Automatic;
				CURRENT_PROJECT_VERSION = 1;
				DEAD_CODE_STRIPPING = YES;
				GENERATE_INFOPLIST_FILE = YES;
				MACOSX_DEPLOYMENT_TARGET = 15.5;
				MARKETING_VERSION = 1.0;
				PRODUCT_BUNDLE_IDENTIFIER = com.araui.app.tests;
				PRODUCT_NAME = "$(TARGET_NAME)";
				SWIFT_EMIT_LOC_STRINGS = NO;
				SWIFT_VERSION = 5.0;
				TEST_HOST = "$(BUILT_PRODUCTS_DIR)/AraUI.app/$(BUNDLE_EXECUTABLE_FOLDER_PATH)/AraUI";
			};
			name = Debug;
		};
		F766267C2EA3F2AC002483B4 /* Release */ = {
			isa = XCBuildConfiguration;
			buildSettings = {
				BUNDLE_LOADER = "$(TEST_HOST)";
				CODE_SIGN_STYLE = Automatic;
				CURRENT_PROJECT_VERSION = 1;
				DEAD_CODE_STRIPPING = YES;
				GENERATE_INFOPLIST_FILE = YES;
				MACOSX_DEPLOYMENT_TARGET = 15.5;
				MARKETING_VERSION = 1.0;
				PRODUCT_BUNDLE_IDENTIFIER = com.araui.app.tests;
				PRODUCT_NAME = "$(TARGET_NAME)";
				SWIFT_EMIT_LOC_STRINGS = NO;
				SWIFT_VERSION = 5.0;
				TEST_HOST = "$(BUILT_PRODUCTS_DIR)/AraUI.app/$(BUNDLE_EXECUTABLE_FOLDER_PATH)/AraUI";
			};
			name = Release;
		};
		F766267E2EA3F2AC002483B4 /* Debug */ = {
			isa = XCBuildConfiguration;
			buildSettings = {
				CODE_SIGN_STYLE = Automatic;
				CURRENT_PROJECT_VERSION = 1;
				DEAD_CODE_STRIPPING = YES;
				GENERATE_INFOPLIST_FILE = YES;
				MARKETING_VERSION = 1.0;
				PRODUCT_BUNDLE_IDENTIFIER = com.araui.app.uitests;
				PRODUCT_NAME = "$(TARGET_NAME)";
				SWIFT_EMIT_LOC_STRINGS = NO;
				SWIFT_VERSION = 5.0;
				TEST_TARGET_NAME = araui;
			};
			name = Debug;
		};
		F766267F2EA3F2AC002483B4 /* Release */ = {
			isa = XCBuildConfiguration;
			buildSettings = {
				CODE_SIGN_STYLE = Automatic;
				CURRENT_PROJECT_VERSION = 1;
				DEAD_CODE_STRIPPING = YES;
				GENERATE_INFOPLIST_FILE = YES;
				MARKETING_VERSION = 1.0;
				PRODUCT_BUNDLE_IDENTIFIER = com.araui.app.uitests;
				PRODUCT_NAME = "$(TARGET_NAME)";
				SWIFT_EMIT_LOC_STRINGS = NO;
				SWIFT_VERSION = 5.0;
				TEST_TARGET_NAME = araui;
			};
			name = Release;
		};
/* End XCBuildConfiguration section */

/* Begin XCConfigurationList section */
		F76626502EA3F2AA002483B4 /* Build configuration list for PBXProject "araui" */ = {
			isa = XCConfigurationList;
			buildConfigurations = (
				F76626752EA3F2AC002483B4 /* Debug */,
				F76626762EA3F2AC002483B4 /* Release */,
			);
			defaultConfigurationIsVisible = 0;
			defaultConfigurationName = Release;
		};
		F76626772EA3F2AC002483B4 /* Build configuration list for PBXNativeTarget "araui" */ = {
			isa = XCConfigurationList;
			buildConfigurations = (
				F76626782EA3F2AC002483B4 /* Debug */,
				F76626792EA3F2AC002483B4 /* Release */,
			);
			defaultConfigurationIsVisible = 0;
			defaultConfigurationName = Release;
		};
		F766267A2EA3F2AC002483B4 /* Build configuration list for PBXNativeTarget "arauiTests" */ = {
			isa = XCConfigurationList;
			buildConfigurations = (
				F766267B2EA3F2AC002483B4 /* Debug */,
				F766267C2EA3F2AC002483B4 /* Release */,
			);
			defaultConfigurationIsVisible = 0;
			defaultConfigurationName = Release;
		};
		F766267D2EA3F2AC002483B4 /* Build configuration list for PBXNativeTarget "arauiUITests" */ = {
			isa = XCConfigurationList;
			buildConfigurations = (
				F766267E2EA3F2AC002483B4 /* Debug */,
				F766267F2EA3F2AC002483B4 /* Release */,
			);
			defaultConfigurationIsVisible = 0;
			defaultConfigurationName = Release;
		};
/* End XCConfigurationList section */
	};
	rootObject = F766264D2EA3F2AA002483B4 /* Project object */;
}
